
Microsoft Visual Studio Solution File, Format Version 12.00
# Visual Studio Version 17
VisualStudioVersion = 17.8.34511.84
MinimumVisualStudioVersion = 10.0.40219.1
Project("{9A19103F-16F7-4668-BE54-9A1E7A4F7556}") = "OnlineStoreSharedLibrary", "OnlineStoreSharedLibrary\OnlineStoreSharedLibrary.csproj", "{27B37FF4-A1DD-4742-89FD-538B1600C49C}"
EndProject
Project("{9A19103F-16F7-4668-BE54-9A1E7A4F7556}") = "OnlineStoreServer", "OnlineStoreServer\OnlineStoreServer.csproj", "{7ACC6291-08EC-44F7-B9B3-27F4BF73E338}"
EndProject
Global
	GlobalSection(SolutionConfigurationPlatforms) = preSolution
		Debug|Any CPU = Debug|Any CPU
		Release|Any CPU = Release|Any CPU
	EndGlobalSection
	GlobalSection(ProjectConfigurationPlatforms) = postSolution
		{27B37FF4-A1DD-4742-89FD-538B1600C49C}.Debug|Any CPU.ActiveCfg = Debug|Any CPU
		{27B37FF4-A1DD-4742-89FD-538B1600C49C}.Debug|Any CPU.Build.0 = Debug|Any CPU
		{27B37FF4-A1DD-4742-89FD-538B1600C49C}.Release|Any CPU.ActiveCfg = Release|Any CPU
		{27B37FF4-A1DD-4742-89FD-538B1600C49C}.Release|Any CPU.Build.0 = Release|Any CPU
		{7ACC6291-08EC-44F7-B9B3-27F4BF73E338}.Debug|Any CPU.ActiveCfg = Debug|Any CPU
		{7ACC6291-08EC-44F7-B9B3-27F4BF73E338}.Debug|Any CPU.Build.0 = Debug|Any CPU
		{7ACC6291-08EC-44F7-B9B3-27F4BF73E338}.Release|Any CPU.ActiveCfg = Release|Any CPU
		{7ACC6291-08EC-44F7-B9B3-27F4BF73E338}.Release|Any CPU.Build.0 = Release|Any CPU
	EndGlobalSection
	GlobalSection(SolutionProperties) = preSolution
		HideSolutionNode = FALSE
	EndGlobalSection
	GlobalSection(ExtensibilityGlobals) = postSolution
		SolutionGuid = {4DB350F6-533F-4205-9EE9-70408218EEEF}
	EndGlobalSection
EndGlobal
